
Microsoft Visual Studio Solution File, Format Version 12.00
# Visual Studio 15
VisualStudioVersion = 15.0.27130.2010
MinimumVisualStudioVersion = 10.0.40219.1
Project("{FAE04EC0-301F-11D3-BF4B-00C04F79EFBC}") = "Week7.Android", "Week7\Week7.Android\Week7.Android.csproj", "{F1AD0C77-C40C-4B65-969F-688A5323F4E1}"
EndProject
Project("{FAE04EC0-301F-11D3-BF4B-00C04F79EFBC}") = "Week7.iOS", "Week7\Week7.iOS\Week7.iOS.csproj", "{7A20E77C-41F6-41B0-BA0D-451B9EA4D75E}"
EndProject
Project("{FAE04EC0-301F-11D3-BF4B-00C04F79EFBC}") = "Week7", "Week7\Week7\Week7.csproj", "{0B71E4A4-0F82-4413-ADA7-E2EAEF3AF233}"
EndProject
Global
	GlobalSection(SolutionConfigurationPlatforms) = preSolution
		Ad-Hoc|Any CPU = Ad-Hoc|Any CPU
		Ad-Hoc|iPhone = Ad-Hoc|iPhone
		Ad-Hoc|iPhoneSimulator = Ad-Hoc|iPhoneSimulator
		AppStore|Any CPU = AppStore|Any CPU
		AppStore|iPhone = AppStore|iPhone
		AppStore|iPhoneSimulator = AppStore|iPhoneSimulator
		Debug|Any CPU = Debug|Any CPU
		Debug|iPhone = Debug|iPhone
		Debug|iPhoneSimulator = Debug|iPhoneSimulator
		Release|Any CPU = Release|Any CPU
		Release|iPhone = Release|iPhone
		Release|iPhoneSimulator = Release|iPhoneSimulator
	EndGlobalSection
	GlobalSection(ProjectConfigurationPlatforms) = postSolution
		{F1AD0C77-C40C-4B65-969F-688A5323F4E1}.Ad-Hoc|Any CPU.ActiveCfg = Release|Any CPU
		{F1AD0C77-C40C-4B65-969F-688A5323F4E1}.Ad-Hoc|Any CPU.Build.0 = Release|Any CPU
		{F1AD0C77-C40C-4B65-969F-688A5323F4E1}.Ad-Hoc|Any CPU.Deploy.0 = Release|Any CPU
		{F1AD0C77-C40C-4B65-969F-688A5323F4E1}.Ad-Hoc|iPhone.ActiveCfg = Release|Any CPU
		{F1AD0C77-C40C-4B65-969F-688A5323F4E1}.Ad-Hoc|iPhone.Build.0 = Release|Any CPU
		{F1AD0C77-C40C-4B65-969F-688A5323F4E1}.Ad-Hoc|iPhone.Deploy.0 = Release|Any CPU
		{F1AD0C77-C40C-4B65-969F-688A5323F4E1}.Ad-Hoc|iPhoneSimulator.ActiveCfg = Release|Any CPU
		{F1AD0C77-C40C-4B65-969F-688A5323F4E1}.Ad-Hoc|iPhoneSimulator.Build.0 = Release|Any CPU
		{F1AD0C77-C40C-4B65-969F-688A5323F4E1}.Ad-Hoc|iPhoneSimulator.Deploy.0 = Release|Any CPU
		{F1AD0C77-C40C-4B65-969F-688A5323F4E1}.AppStore|Any CPU.ActiveCfg = Release|Any CPU
		{F1AD0C77-C40C-4B65-969F-688A5323F4E1}.AppStore|Any CPU.Build.0 = Release|Any CPU
		{F1AD0C77-C40C-4B65-969F-688A5323F4E1}.AppStore|Any CPU.Deploy.0 = Release|Any CPU
		{F1AD0C77-C40C-4B65-969F-688A5323F4E1}.AppStore|iPhone.ActiveCfg = Release|Any CPU
		{F1AD0C77-C40C-4B65-969F-688A5323F4E1}.AppStore|iPhone.Build.0 = Release|Any CPU
		{F1AD0C77-C40C-4B65-969F-688A5323F4E1}.AppStore|iPhone.Deploy.0 = Release|Any CPU
		{F1AD0C77-C40C-4B65-969F-688A5323F4E1}.AppStore|iPhoneSimulator.ActiveCfg = Release|Any CPU
		{F1AD0C77-C40C-4B65-969F-688A5323F4E1}.AppStore|iPhoneSimulator.Build.0 = Release|Any CPU
		{F1AD0C77-C40C-4B65-969F-688A5323F4E1}.AppStore|iPhoneSimulator.Deploy.0 = Release|Any CPU
		{F1AD0C77-C40C-4B65-969F-688A5323F4E1}.Debug|Any CPU.ActiveCfg = Debug|Any CPU
		{F1AD0C77-C40C-4B65-969F-688A5323F4E1}.Debug|Any CPU.Build.0 = Debug|Any CPU
		{F1AD0C77-C40C-4B65-969F-688A5323F4E1}.Debug|Any CPU.Deploy.0 = Debug|Any CPU
		{F1AD0C77-C40C-4B65-969F-688A5323F4E1}.Debug|iPhone.ActiveCfg = Debug|Any CPU
		{F1AD0C77-C40C-4B65-969F-688A5323F4E1}.Debug|iPhone.Build.0 = Debug|Any CPU
		{F1AD0C77-C40C-4B65-969F-688A5323F4E1}.Debug|iPhone.Deploy.0 = Debug|Any CPU
		{F1AD0C77-C40C-4B65-969F-688A5323F4E1}.Debug|iPhoneSimulator.ActiveCfg = Debug|Any CPU
		{F1AD0C77-C40C-4B65-969F-688A5323F4E1}.Debug|iPhoneSimulator.Build.0 = Debug|Any CPU
		{F1AD0C77-C40C-4B65-969F-688A5323F4E1}.Debug|iPhoneSimulator.Deploy.0 = Debug|Any CPU
		{F1AD0C77-C40C-4B65-969F-688A5323F4E1}.Release|Any CPU.ActiveCfg = Release|Any CPU
		{F1AD0C77-C40C-4B65-969F-688A5323F4E1}.Release|Any CPU.Build.0 = Release|Any CPU
		{F1AD0C77-C40C-4B65-969F-688A5323F4E1}.Release|Any CPU.Deploy.0 = Release|Any CPU
		{F1AD0C77-C40C-4B65-969F-688A5323F4E1}.Release|iPhone.ActiveCfg = Release|Any CPU
		{F1AD0C77-C40C-4B65-969F-688A5323F4E1}.Release|iPhone.Build.0 = Release|Any CPU
		{F1AD0C77-C40C-4B65-969F-688A5323F4E1}.Release|iPhone.Deploy.0 = Release|Any CPU
		{F1AD0C77-C40C-4B65-969F-688A5323F4E1}.Release|iPhoneSimulator.ActiveCfg = Release|Any CPU
		{F1AD0C77-C40C-4B65-969F-688A5323F4E1}.Release|iPhoneSimulator.Build.0 = Release|Any CPU
		{F1AD0C77-C40C-4B65-969F-688A5323F4E1}.Release|iPhoneSimulator.Deploy.0 = Release|Any CPU
		{7A20E77C-41F6-41B0-BA0D-451B9EA4D75E}.Ad-Hoc|Any CPU.ActiveCfg = Ad-Hoc|iPhone
		{7A20E77C-41F6-41B0-BA0D-451B9EA4D75E}.Ad-Hoc|iPhone.ActiveCfg = Ad-Hoc|iPhone
		{7A20E77C-41F6-41B0-BA0D-451B9EA4D75E}.Ad-Hoc|iPhone.Build.0 = Ad-Hoc|iPhone
		{7A20E77C-41F6-41B0-BA0D-451B9EA4D75E}.Ad-Hoc|iPhoneSimulator.ActiveCfg = Ad-Hoc|iPhoneSimulator
		{7A20E77C-41F6-41B0-BA0D-451B9EA4D75E}.Ad-Hoc|iPhoneSimulator.Build.0 = Ad-Hoc|iPhoneSimulator
		{7A20E77C-41F6-41B0-BA0D-451B9EA4D75E}.AppStore|Any CPU.ActiveCfg = AppStore|iPhone
		{7A20E77C-41F6-41B0-BA0D-451B9EA4D75E}.AppStore|iPhone.ActiveCfg = AppStore|iPhone
		{7A20E77C-41F6-41B0-BA0D-451B9EA4D75E}.AppStore|iPhone.Build.0 = AppStore|iPhone
		{7A20E77C-41F6-41B0-BA0D-451B9EA4D75E}.AppStore|iPhoneSimulator.ActiveCfg = AppStore|iPhoneSimulator
		{7A20E77C-41F6-41B0-BA0D-451B9EA4D75E}.AppStore|iPhoneSimulator.Build.0 = AppStore|iPhoneSimulator
		{7A20E77C-41F6-41B0-BA0D-451B9EA4D75E}.Debug|Any CPU.ActiveCfg = Debug|iPhone
		{7A20E77C-41F6-41B0-BA0D-451B9EA4D75E}.Debug|iPhone.ActiveCfg = Debug|iPhone
		{7A20E77C-41F6-41B0-BA0D-451B9EA4D75E}.Debug|iPhone.Build.0 = Debug|iPhone
		{7A20E77C-41F6-41B0-BA0D-451B9EA4D75E}.Debug|iPhoneSimulator.ActiveCfg = Debug|iPhoneSimulator
		{7A20E77C-41F6-41B0-BA0D-451B9EA4D75E}.Debug|iPhoneSimulator.Build.0 = Debug|iPhoneSimulator
		{7A20E77C-41F6-41B0-BA0D-451B9EA4D75E}.Release|Any CPU.ActiveCfg = Release|iPhone
		{7A20E77C-41F6-41B0-BA0D-451B9EA4D75E}.Release|iPhone.ActiveCfg = Release|iPhone
		{7A20E77C-41F6-41B0-BA0D-451B9EA4D75E}.Release|iPhone.Build.0 = Release|iPhone
		{7A20E77C-41F6-41B0-BA0D-451B9EA4D75E}.Release|iPhoneSimulator.ActiveCfg = Release|iPhoneSimulator
		{7A20E77C-41F6-41B0-BA0D-451B9EA4D75E}.Release|iPhoneSimulator.Build.0 = Release|iPhoneSimulator
		{0B71E4A4-0F82-4413-ADA7-E2EAEF3AF233}.Ad-Hoc|Any CPU.ActiveCfg = Debug|Any CPU
		{0B71E4A4-0F82-4413-ADA7-E2EAEF3AF233}.Ad-Hoc|Any CPU.Build.0 = Debug|Any CPU
		{0B71E4A4-0F82-4413-ADA7-E2EAEF3AF233}.Ad-Hoc|iPhone.ActiveCfg = Debug|Any CPU
		{0B71E4A4-0F82-4413-ADA7-E2EAEF3AF233}.Ad-Hoc|iPhone.Build.0 = Debug|Any CPU
		{0B71E4A4-0F82-4413-ADA7-E2EAEF3AF233}.Ad-Hoc|iPhoneSimulator.ActiveCfg = Debug|Any CPU
		{0B71E4A4-0F82-4413-ADA7-E2EAEF3AF233}.Ad-Hoc|iPhoneSimulator.Build.0 = Debug|Any CPU
		{0B71E4A4-0F82-4413-ADA7-E2EAEF3AF233}.AppStore|Any CPU.ActiveCfg = Debug|Any CPU
		{0B71E4A4-0F82-4413-ADA7-E2EAEF3AF233}.AppStore|Any CPU.Build.0 = Debug|Any CPU
		{0B71E4A4-0F82-4413-ADA7-E2EAEF3AF233}.AppStore|iPhone.ActiveCfg = Debug|Any CPU
		{0B71E4A4-0F82-4413-ADA7-E2EAEF3AF233}.AppStore|iPhone.Build.0 = Debug|Any CPU
		{0B71E4A4-0F82-4413-ADA7-E2EAEF3AF233}.AppStore|iPhoneSimulator.ActiveCfg = Debug|Any CPU
		{0B71E4A4-0F82-4413-ADA7-E2EAEF3AF233}.AppStore|iPhoneSimulator.Build.0 = Debug|Any CPU
		{0B71E4A4-0F82-4413-ADA7-E2EAEF3AF233}.Debug|Any CPU.ActiveCfg = Debug|Any CPU
		{0B71E4A4-0F82-4413-ADA7-E2EAEF3AF233}.Debug|Any CPU.Build.0 = Debug|Any CPU
		{0B71E4A4-0F82-4413-ADA7-E2EAEF3AF233}.Debug|iPhone.ActiveCfg = Debug|Any CPU
		{0B71E4A4-0F82-4413-ADA7-E2EAEF3AF233}.Debug|iPhone.Build.0 = Debug|Any CPU
		{0B71E4A4-0F82-4413-ADA7-E2EAEF3AF233}.Debug|iPhoneSimulator.ActiveCfg = Debug|Any CPU
		{0B71E4A4-0F82-4413-ADA7-E2EAEF3AF233}.Debug|iPhoneSimulator.Build.0 = Debug|Any CPU
		{0B71E4A4-0F82-4413-ADA7-E2EAEF3AF233}.Release|Any CPU.ActiveCfg = Release|Any CPU
		{0B71E4A4-0F82-4413-ADA7-E2EAEF3AF233}.Release|Any CPU.Build.0 = Release|Any CPU
		{0B71E4A4-0F82-4413-ADA7-E2EAEF3AF233}.Release|iPhone.ActiveCfg = Release|Any CPU
		{0B71E4A4-0F82-4413-ADA7-E2EAEF3AF233}.Release|iPhone.Build.0 = Release|Any CPU
		{0B71E4A4-0F82-4413-ADA7-E2EAEF3AF233}.Release|iPhoneSimulator.ActiveCfg = Release|Any CPU
		{0B71E4A4-0F82-4413-ADA7-E2EAEF3AF233}.Release|iPhoneSimulator.Build.0 = Release|Any CPU
	EndGlobalSection
	GlobalSection(SolutionProperties) = preSolution
		HideSolutionNode = FALSE
	EndGlobalSection
	GlobalSection(ExtensibilityGlobals) = postSolution
		SolutionGuid = {3DDB8FF8-CD19-4218-9AF6-ACFBC632115A}
	EndGlobalSection
EndGlobal
