
Microsoft Visual Studio Solution File, Format Version 12.00
# Visual Studio 15
VisualStudioVersion = 15.0.27004.2006
MinimumVisualStudioVersion = 10.0.40219.1
Project("{FAE04EC0-301F-11D3-BF4B-00C04F79EFBC}") = "Classes", "Classes\Classes.csproj", "{BBEB3286-9DA8-4BCD-94C0-6171C29B020D}"
EndProject
Global
	GlobalSection(SolutionConfigurationPlatforms) = preSolution
		Debug|Any CPU = Debug|Any CPU
		Release|Any CPU = Release|Any CPU
	EndGlobalSection
	GlobalSection(ProjectConfigurationPlatforms) = postSolution
		{BBEB3286-9DA8-4BCD-94C0-6171C29B020D}.Debug|Any CPU.ActiveCfg = Debug|Any CPU
		{BBEB3286-9DA8-4BCD-94C0-6171C29B020D}.Debug|Any CPU.Build.0 = Debug|Any CPU
		{BBEB3286-9DA8-4BCD-94C0-6171C29B020D}.Release|Any CPU.ActiveCfg = Release|Any CPU
		{BBEB3286-9DA8-4BCD-94C0-6171C29B020D}.Release|Any CPU.Build.0 = Release|Any CPU
	EndGlobalSection
	GlobalSection(SolutionProperties) = preSolution
		HideSolutionNode = FALSE
	EndGlobalSection
	GlobalSection(ExtensibilityGlobals) = postSolution
		SolutionGuid = {1CBF4AEF-AE45-46D0-89F2-07AA9D5E44BC}
	EndGlobalSection
EndGlobal
