
Microsoft Visual Studio Solution File, Format Version 12.00
# Visual Studio 15
VisualStudioVersion = 15.0.27004.2006
MinimumVisualStudioVersion = 10.0.40219.1
Project("{D954291E-2A0B-460D-934E-DC6B0785DB48}") = "Week3App", "Week3App\Week3App\Week3App.shproj", "{9466FDDB-0E8F-481E-BBB7-D1C4454CDD57}"
EndProject
Project("{FAE04EC0-301F-11D3-BF4B-00C04F79EFBC}") = "Week3App.Android", "Week3App\Week3App.Android\Week3App.Android.csproj", "{135DD359-EBEE-4095-A128-67E24CD970A2}"
EndProject
Project("{FAE04EC0-301F-11D3-BF4B-00C04F79EFBC}") = "Week3App.iOS", "Week3App\Week3App.iOS\Week3App.iOS.csproj", "{59608D8A-2629-4D67-AF11-5C89DB1DC4AE}"
EndProject
Global
	GlobalSection(SharedMSBuildProjectFiles) = preSolution
		Week3App\Week3App\Week3App.projitems*{135dd359-ebee-4095-a128-67e24cd970a2}*SharedItemsImports = 4
		Week3App\Week3App\Week3App.projitems*{59608d8a-2629-4d67-af11-5c89db1dc4ae}*SharedItemsImports = 4
		Week3App\Week3App\Week3App.projitems*{9466fddb-0e8f-481e-bbb7-d1c4454cdd57}*SharedItemsImports = 13
	EndGlobalSection
	GlobalSection(SolutionConfigurationPlatforms) = preSolution
		Ad-Hoc|Any CPU = Ad-Hoc|Any CPU
		Ad-Hoc|iPhone = Ad-Hoc|iPhone
		Ad-Hoc|iPhoneSimulator = Ad-Hoc|iPhoneSimulator
		AppStore|Any CPU = AppStore|Any CPU
		AppStore|iPhone = AppStore|iPhone
		AppStore|iPhoneSimulator = AppStore|iPhoneSimulator
		Debug|Any CPU = Debug|Any CPU
		Debug|iPhone = Debug|iPhone
		Debug|iPhoneSimulator = Debug|iPhoneSimulator
		Release|Any CPU = Release|Any CPU
		Release|iPhone = Release|iPhone
		Release|iPhoneSimulator = Release|iPhoneSimulator
	EndGlobalSection
	GlobalSection(ProjectConfigurationPlatforms) = postSolution
		{135DD359-EBEE-4095-A128-67E24CD970A2}.Ad-Hoc|Any CPU.ActiveCfg = Release|Any CPU
		{135DD359-EBEE-4095-A128-67E24CD970A2}.Ad-Hoc|Any CPU.Build.0 = Release|Any CPU
		{135DD359-EBEE-4095-A128-67E24CD970A2}.Ad-Hoc|Any CPU.Deploy.0 = Release|Any CPU
		{135DD359-EBEE-4095-A128-67E24CD970A2}.Ad-Hoc|iPhone.ActiveCfg = Release|Any CPU
		{135DD359-EBEE-4095-A128-67E24CD970A2}.Ad-Hoc|iPhone.Build.0 = Release|Any CPU
		{135DD359-EBEE-4095-A128-67E24CD970A2}.Ad-Hoc|iPhone.Deploy.0 = Release|Any CPU
		{135DD359-EBEE-4095-A128-67E24CD970A2}.Ad-Hoc|iPhoneSimulator.ActiveCfg = Release|Any CPU
		{135DD359-EBEE-4095-A128-67E24CD970A2}.Ad-Hoc|iPhoneSimulator.Build.0 = Release|Any CPU
		{135DD359-EBEE-4095-A128-67E24CD970A2}.Ad-Hoc|iPhoneSimulator.Deploy.0 = Release|Any CPU
		{135DD359-EBEE-4095-A128-67E24CD970A2}.AppStore|Any CPU.ActiveCfg = Release|Any CPU
		{135DD359-EBEE-4095-A128-67E24CD970A2}.AppStore|Any CPU.Build.0 = Release|Any CPU
		{135DD359-EBEE-4095-A128-67E24CD970A2}.AppStore|Any CPU.Deploy.0 = Release|Any CPU
		{135DD359-EBEE-4095-A128-67E24CD970A2}.AppStore|iPhone.ActiveCfg = Release|Any CPU
		{135DD359-EBEE-4095-A128-67E24CD970A2}.AppStore|iPhone.Build.0 = Release|Any CPU
		{135DD359-EBEE-4095-A128-67E24CD970A2}.AppStore|iPhone.Deploy.0 = Release|Any CPU
		{135DD359-EBEE-4095-A128-67E24CD970A2}.AppStore|iPhoneSimulator.ActiveCfg = Release|Any CPU
		{135DD359-EBEE-4095-A128-67E24CD970A2}.AppStore|iPhoneSimulator.Build.0 = Release|Any CPU
		{135DD359-EBEE-4095-A128-67E24CD970A2}.AppStore|iPhoneSimulator.Deploy.0 = Release|Any CPU
		{135DD359-EBEE-4095-A128-67E24CD970A2}.Debug|Any CPU.ActiveCfg = Debug|Any CPU
		{135DD359-EBEE-4095-A128-67E24CD970A2}.Debug|Any CPU.Build.0 = Debug|Any CPU
		{135DD359-EBEE-4095-A128-67E24CD970A2}.Debug|Any CPU.Deploy.0 = Debug|Any CPU
		{135DD359-EBEE-4095-A128-67E24CD970A2}.Debug|iPhone.ActiveCfg = Debug|Any CPU
		{135DD359-EBEE-4095-A128-67E24CD970A2}.Debug|iPhone.Build.0 = Debug|Any CPU
		{135DD359-EBEE-4095-A128-67E24CD970A2}.Debug|iPhone.Deploy.0 = Debug|Any CPU
		{135DD359-EBEE-4095-A128-67E24CD970A2}.Debug|iPhoneSimulator.ActiveCfg = Debug|Any CPU
		{135DD359-EBEE-4095-A128-67E24CD970A2}.Debug|iPhoneSimulator.Build.0 = Debug|Any CPU
		{135DD359-EBEE-4095-A128-67E24CD970A2}.Debug|iPhoneSimulator.Deploy.0 = Debug|Any CPU
		{135DD359-EBEE-4095-A128-67E24CD970A2}.Release|Any CPU.ActiveCfg = Release|Any CPU
		{135DD359-EBEE-4095-A128-67E24CD970A2}.Release|Any CPU.Build.0 = Release|Any CPU
		{135DD359-EBEE-4095-A128-67E24CD970A2}.Release|Any CPU.Deploy.0 = Release|Any CPU
		{135DD359-EBEE-4095-A128-67E24CD970A2}.Release|iPhone.ActiveCfg = Release|Any CPU
		{135DD359-EBEE-4095-A128-67E24CD970A2}.Release|iPhone.Build.0 = Release|Any CPU
		{135DD359-EBEE-4095-A128-67E24CD970A2}.Release|iPhone.Deploy.0 = Release|Any CPU
		{135DD359-EBEE-4095-A128-67E24CD970A2}.Release|iPhoneSimulator.ActiveCfg = Release|Any CPU
		{135DD359-EBEE-4095-A128-67E24CD970A2}.Release|iPhoneSimulator.Build.0 = Release|Any CPU
		{135DD359-EBEE-4095-A128-67E24CD970A2}.Release|iPhoneSimulator.Deploy.0 = Release|Any CPU
		{59608D8A-2629-4D67-AF11-5C89DB1DC4AE}.Ad-Hoc|Any CPU.ActiveCfg = Ad-Hoc|iPhoneSimulator
		{59608D8A-2629-4D67-AF11-5C89DB1DC4AE}.Ad-Hoc|iPhone.ActiveCfg = Ad-Hoc|iPhone
		{59608D8A-2629-4D67-AF11-5C89DB1DC4AE}.Ad-Hoc|iPhone.Build.0 = Ad-Hoc|iPhone
		{59608D8A-2629-4D67-AF11-5C89DB1DC4AE}.Ad-Hoc|iPhoneSimulator.ActiveCfg = Ad-Hoc|iPhoneSimulator
		{59608D8A-2629-4D67-AF11-5C89DB1DC4AE}.Ad-Hoc|iPhoneSimulator.Build.0 = Ad-Hoc|iPhoneSimulator
		{59608D8A-2629-4D67-AF11-5C89DB1DC4AE}.AppStore|Any CPU.ActiveCfg = AppStore|iPhoneSimulator
		{59608D8A-2629-4D67-AF11-5C89DB1DC4AE}.AppStore|iPhone.ActiveCfg = AppStore|iPhone
		{59608D8A-2629-4D67-AF11-5C89DB1DC4AE}.AppStore|iPhone.Build.0 = AppStore|iPhone
		{59608D8A-2629-4D67-AF11-5C89DB1DC4AE}.AppStore|iPhoneSimulator.ActiveCfg = AppStore|iPhoneSimulator
		{59608D8A-2629-4D67-AF11-5C89DB1DC4AE}.AppStore|iPhoneSimulator.Build.0 = AppStore|iPhoneSimulator
		{59608D8A-2629-4D67-AF11-5C89DB1DC4AE}.Debug|Any CPU.ActiveCfg = Debug|iPhoneSimulator
		{59608D8A-2629-4D67-AF11-5C89DB1DC4AE}.Debug|iPhone.ActiveCfg = Debug|iPhone
		{59608D8A-2629-4D67-AF11-5C89DB1DC4AE}.Debug|iPhone.Build.0 = Debug|iPhone
		{59608D8A-2629-4D67-AF11-5C89DB1DC4AE}.Debug|iPhoneSimulator.ActiveCfg = Debug|iPhoneSimulator
		{59608D8A-2629-4D67-AF11-5C89DB1DC4AE}.Debug|iPhoneSimulator.Build.0 = Debug|iPhoneSimulator
		{59608D8A-2629-4D67-AF11-5C89DB1DC4AE}.Release|Any CPU.ActiveCfg = Release|iPhoneSimulator
		{59608D8A-2629-4D67-AF11-5C89DB1DC4AE}.Release|iPhone.ActiveCfg = Release|iPhone
		{59608D8A-2629-4D67-AF11-5C89DB1DC4AE}.Release|iPhone.Build.0 = Release|iPhone
		{59608D8A-2629-4D67-AF11-5C89DB1DC4AE}.Release|iPhoneSimulator.ActiveCfg = Release|iPhoneSimulator
		{59608D8A-2629-4D67-AF11-5C89DB1DC4AE}.Release|iPhoneSimulator.Build.0 = Release|iPhoneSimulator
	EndGlobalSection
	GlobalSection(SolutionProperties) = preSolution
		HideSolutionNode = FALSE
	EndGlobalSection
	GlobalSection(ExtensibilityGlobals) = postSolution
		SolutionGuid = {0225C946-EDBC-4BF5-A361-7AFCF4E8AB16}
	EndGlobalSection
EndGlobal
